github.com/adlio/darksky v0.0.0-20190219023837-63c8e8a7fabe h1:vueI3NMPUetp4LmVbOTeedUz9u7SPGrgcGRqAzSutY8=
github.com/adlio/darksky v0.0.0-20190219023837-63c8e8a7fabe/go.mod h1:hmqB9YvxBpXHdQODW3y+wD3Q72jU/qR6OJZAiq9meyE=
github.com/caarlos0/env v3.5.0+incompatible h1:Yy0UN8o9Wtr/jGHZDpCBLpNrzcFLLM2yixi/rBrKyJs=
github.com/caarlos0/env v3.5.0+incompatible/go.mod h1:tdCsowwCzMLdkqRYDlHpZCp2UooDD3MspDBjZ2AD02Y=
github.com/dim13/unifi v0.0.0-20180909201322-849b5234c16e h1:t2SCgbGub3trhIl1STfvXbOufHLqJ9F83Q9t+Fc/gdM=
github.com/dim13/unifi v0.0.0-20180909201322-849b5234c16e/go.mod h1:h9Qw4IHF1YFpAJpa8pB9RzMGMJR/Sld7/zUMeNjo5N8=
github.com/eclipse/paho.mqtt.golang v1.1.1 h1:iPJYXJLaViCshRTW/PSqImSS6HJ2Rf671WR0bXZ2GIU=
github.com/eclipse/paho.mqtt.golang v1.1.1/go.mod h1:H9keYFcgq3Qr5OUJm/JZI/i6U7joQ8SYLhZwfeOo6Ts=
github.com/google/go-cmp v0.2.0/go.mod h1:oXzfMopK8JAjlY9xF4vHSVASa0yLyX7SntLO5aqRK0M=
github.com/google/pprof v0.0.0-20181206194817-3ea8567a2e57/go.mod h1:zfwlbNMJ+OItoe0UupaVj+oy1omPYYDuagoSzA8v9mc=
github.com/google/wire v0.2.1 h1:TYj4Z2qjqxa2ufb34UJqVeO9aznL+i0fLO6TqThKZ7Y=
github.com/google/wire v0.2.1/go.mod h1:ptBl5bWD3nzmJHVNwYHV3v4wdtKzBMlU2YbtKQCG9GI=
github.com/ianlancetaylor/demangle v0.0.0-20181102032728-5e5cf60278f6/go.mod h1:aSSvb/t6k1mPoxDqO4vJh6VOCGPwU4O0C2/Eqndh1Sc=
github.com/mannkind/paho.mqtt.golang.ext v0.1.0 h1:f/P0eiReHI9nOJxfBTM2Nxd5x91BpVNpBIKe5jByJII=
github.com/mannkind/paho.mqtt.golang.ext v0.1.0/go.mod h1:/3IFyFHyEgDk3raBQrXcxDlNkh7tCji8GdiMJePPZOc=
github.com/mdlayher/unifi v0.0.0-20180604180305-be73af8d7922/go.mod h1:j3FnKW2xGfTK2p6dxj4/ezMuUVx3BuewHu9cdgV+qZ0=
github.com/pkg/errors v0.8.1 h1:iURUrRGxPUNPdy5/HRSm+Yj6okJ6UtLINN0Q9M4+h3I=
github.com/pkg/errors v0.8.1/go.mod h1:bwawxfHBFNV+L2hUp1rHADufV3IMtnDRdf1r5NINEl0=
github.com/pmezard/go-difflib v1.0.0 h1:4DBwDE0NGyQoBHbLQYPwSUPoCMWR5BEzIk/f1lZbAQM=
github.com/pmezard/go-difflib v1.0.0/go.mod h1:iKH77koFhYxTK1pcRnkKkqfTogsbg7gZNVY4sRDYZ/4=
golang.org/x/arch v0.0.0-20181203225421-5a4828bb7045/go.mod h1:cYlCBUl1MsqxdiKgmc4uh7TxZfWSFLOGSRR090WDxt8=
golang.org/x/crypto v0.0.0-20190103213133-ff983b9c42bc/go.mod h1:6SG95UA2DQfeDnfUPMdvaQW0Q7yPrPDi9nlGo2tz2b4=
golang.org/x/net v0.0.0-20181011144130-49bb7cea24b1/go.mod h1:mL1N/T3taQHkDXs73rZJwtUhF3w3ftmwwsq0BUmARs4=
golang.org/x/net v0.0.0-20181207154023-610586996380 h1:zPQexyRtNYBc7bcHmehl1dH6TB3qn8zytv8cBGLDNY0=
golang.org/x/net v0.0.0-20181207154023-610586996380/go.mod h1:mL1N/T3taQHkDXs73rZJwtUhF3w3ftmwwsq0BUmARs4=
golang.org/x/sys v0.0.0-20190102155601-82a175fd1598/go.mod h1:STP8DvDyc/dI5b8T5hshtkjS+E42TnysNCUPdjciGhY=
golang.org/x/tools v0.0.0-20181017214349-06f26fdaaa28 h1:vnbqcYKfOxPnXXUlBo7t+R4pVIh0wInyOSNxih1S9Dc=
golang.org/x/tools v0.0.0-20181017214349-06f26fdaaa28/go.mod h1:n7NCudcB/nEzxVGmLbDWY5pfWTLqBcC2KZ6jyYvM4mQ=
gopkg.in/resty.v1 v1.10.3/go.mod h1:nrgQYbPhkRfn2BfT32NNTLfq3K9NuHRB0MsAcA9weWY=
